annotated-doc==0.0.4 \
    --hash=sha256:571ac1dc6991c450b25a9c2d84a3705e2ae7a53467b5d111c24fa8baabbed320 \
    --hash=sha256:fbcda96e87e9c92ad167c2e53839e57503ecfda18804ea28102353485033faa4
    # via
    #   -r /home/jm/hugo-mcp/requirements.txt
    #   fastapi
annotated-types==0.7.0 \
    --hash=sha256:1f02e8b43a8fbbc3f3e0d4f0f4bfc8131bcb4eebe8849b8e5c773f3a1c582a53 \
    --hash=sha256:aff07c09a53a08bc8cfccb9c85b05f1aa9a2a6f23728d790723543408344ce89
    # via
    #   -r /home/jm/hugo-mcp/requirements.txt
    #   pydantic
anyio==4.13.0 \
    --hash=sha256:08b310f9e24a9594186fd75b4f73f4a4152069e3853f1ed8bfbf58369f4ad708 \
    --hash=sha256:334b70e641fd2221c1505b3890c69882fe4a2df910cba14d97019b90b24439dc
    # via
    #   -r /home/jm/hugo-mcp/requirements.txt
    #   httpx
    #   starlette
bcrypt==4.2.1 \
    --hash=sha256:041fa0155c9004eb98a232d54da05c0b41d4b8e66b6fc3cb71b4b3f6144ba837 \
    --hash=sha256:04e56e3fe8308a88b77e0afd20bec516f74aecf391cdd6e374f15cbed32783d6 \
    --hash=sha256:1340411a0894b7d3ef562fb233e4b6ed58add185228650942bdc885362f32c17 \
    --hash=sha256:533e7f3bcf2f07caee7ad98124fab7499cb3333ba2274f7a36cf1daee7409d99 \
    --hash=sha256:6765386e3ab87f569b276988742039baab087b2cdb01e809d74e74503c2faafe \
    --hash=sha256:687cf30e6681eeda39548a93ce9bfbb300e48b4d445a43db4298d2474d2a1e54 \
    --hash=sha256:76132c176a6d9953cdc83c296aeaed65e1a708485fd55abf163e0d9f8f16ce0e \
    --hash=sha256:76d3e352b32f4eeb34703370e370997065d28a561e4a18afe4fef07249cb4396 \
    --hash=sha256:807261df60a8b1ccd13e6599c779014a362ae4e795f5c59747f60208daddd96d \
    --hash=sha256:89df2aea2c43be1e1fa066df5f86c8ce822ab70a30e4c210968669565c0f4685 \
    --hash=sha256:8ad2f4528cbf0febe80e5a3a57d7a74e6635e41af1ea5675282a33d769fba413 \
    --hash=sha256:8c458cd103e6c5d1d85cf600e546a639f234964d0228909d8f8dbeebff82d526 \
    --hash=sha256:8dbd0747208912b1e4ce730c6725cb56c07ac734b3629b60d4398f082ea718ad \
    --hash=sha256:909faa1027900f2252a9ca5dfebd25fc0ef1417943824783d1c8418dd7d6df4a \
    --hash=sha256:aaa2e285be097050dba798d537b6efd9b698aa88eef52ec98d23dcd6d7cf6fea \
    --hash=sha256:adadd36274510a01f33e6dc08f5824b97c9580583bd4487c564fc4617b328005 \
    --hash=sha256:b1ee315739bc8387aa36ff127afc99120ee452924e0df517a8f3e4c0187a0f5f \
    --hash=sha256:b588af02b89d9fad33e5f98f7838bf590d6d692df7153647724a7f20c186f6bf \
    --hash=sha256:b7703ede632dc945ed1172d6f24e9f30f27b1b1a067f32f68bf169c5f08d0425 \
    --hash=sha256:c6f5fa3775966cca251848d4d5393ab016b3afed251163c1436fefdec3b02c84 \
    --hash=sha256:cde78d385d5e93ece5479a0a87f73cd6fa26b171c786a884f955e165032b262c \
    --hash=sha256:cfdf3d7530c790432046c40cda41dfee8c83e29482e6a604f8930b9930e94139 \
    --hash=sha256:e158009a54c4c8bc91d5e0da80920d048f918c61a581f0a63e4e93bb556d362f \
    --hash=sha256:e84e0e6f8e40a242b11bce56c313edc2be121cec3e0ec2d76fce01f6af33c07c \
    --hash=sha256:f85b1ffa09240c89aa2e1ae9f3b1c687104f7b2b9d2098da4e923f1b7082d331
    # via -r /home/jm/hugo-mcp/requirements.txt
certifi==2026.4.22 \
    --hash=sha256:3cb2210c8f88ba2318d29b0388d1023c8492ff72ecdde4ebdaddbb13a31b1c4a \
    --hash=sha256:8d455352a37b71bf76a79caa83a3d6c25afee4a385d632127b6afb3963f1c580
    # via
    #   -r /home/jm/hugo-mcp/requirements.txt
    #   httpcore
    #   httpx
click==8.3.3 \
    --hash=sha256:398329ad4837b2ff7cbe1dd166a4c0f8900c3ca3a218de04466f38f6497f18a2 \
    --hash=sha256:a2bf429bb3033c89fa4936ffb35d5cb471e3719e1f3c8a7c3fff0b8314305613
    # via
    #   -r /home/jm/hugo-mcp/requirements.txt
    #   uvicorn
deprecated==1.3.1 \
    --hash=sha256:597bfef186b6f60181535a29fbe44865ce137a5079f295b479886c82729d5f3f \
    --hash=sha256:b1b50e0ff0c1fddaa5708a2c6b0a6588bb09b892825ab2b214ac9ea9d92a5223
    # via limits
fastapi==0.136.1 \
    --hash=sha256:7af665ad7acfa0a3baf8983d393b6b471b9da10ede59c60045f49fbc89a0fa7f \
    --hash=sha256:a6e9d7eeada96c93a4d69cb03836b44fa34e2854accb7244a1ece36cd4781c3f
    # via -r /home/jm/hugo-mcp/requirements.txt
h11==0.16.0 \
    --hash=sha256:4e35b956cf45792e4caa5885e69fba00bdbc6ffafbfa020300e549b208ee5ff1 \
    --hash=sha256:63cf8bbe7522de3bf65932fda1d9c2772064ffb3dae62d55932da54b31cb6c86
    # via
    #   -r /home/jm/hugo-mcp/requirements.txt
    #   httpcore
    #   uvicorn
httpcore==1.0.9 \
    --hash=sha256:2d400746a40668fc9dec9810239072b40b4484b640a8c38fd654a024c7a1bf55 \
    --hash=sha256:6e34463af53fd2ab5d807f399a9b45ea31c3dfa2276f15a2c3f00afff6e176e8
    # via
    #   -r /home/jm/hugo-mcp/requirements.txt
    #   httpx
httpx==0.27.0 \
    --hash=sha256:71d5465162c13681bff01ad59b2cc68dd838ea1f10e51574bac27103f00c91a5 \
    --hash=sha256:a0cb88a46f32dc874e04ee956e4c2764aba2aa228f650b06788ba6bda2962ab5
    # via -r /home/jm/hugo-mcp/requirements.txt
idna==3.13 \
    --hash=sha256:585ea8fe5d69b9181ec1afba340451fba6ba764af97026f92a91d4eef164a242 \
    --hash=sha256:892ea0cde124a99ce773decba204c5552b69c3c67ffd5f232eb7696135bc8bb3
    # via
    #   -r /home/jm/hugo-mcp/requirements.txt
    #   anyio
    #   httpx
limits==5.8.0 \
    --hash=sha256:ae1b008a43eb43073c3c579398bd4eb4c795de60952532dc24720ab45e1ac6b8 \
    --hash=sha256:c9e0d74aed837e8f6f50d1fcebcf5fd8130957287206bc3799adaee5092655da
    # via
    #   -r /home/jm/hugo-mcp/requirements.txt
    #   slowapi
packaging==26.2 \
    --hash=sha256:5fc45236b9446107ff2415ce77c807cee2862cb6fac22b8a73826d0693b0980e \
    --hash=sha256:ff452ff5a3e828ce110190feff1178bb1f2ea2281fa2075aadb987c2fb221661
    # via limits
pydantic==2.13.3 \
    --hash=sha256:6db14ac8dfc9a1e57f87ea2c0de670c251240f43cb0c30a5130e9720dc612927 \
    --hash=sha256:af09e9d1d09f4e7fe37145c1f577e1d61ceb9a41924bf0094a36506285d0a84d
    # via
    #   -r /home/jm/hugo-mcp/requirements.txt
    #   fastapi
pydantic-core==2.46.3 \
    --hash=sha256:0087084960f209a9a4af50ecd1fb063d9ad3658c07bb81a7a53f452dacbfb2ba \
    --hash=sha256:031bb17f4885a43773c8c763089499f242aee2ea85cf17154168775dccdecf35 \
    --hash=sha256:06d5d8820cbbdb4147578c1fe7ffcd5b83f34508cb9f9ab76e807be7db6ff0a4 \
    --hash=sha256:07bc6d2a28c3adb4f7c6ae46aa4f2d2929af127f587ed44057af50bf1ce0f505 \
    --hash=sha256:0c9ff69140423eea8ed2d5477df3ba037f671f5e897d206d921bc9fdc39613e7 \
    --hash=sha256:1105677a6df914b1fb71a81b96c8cce7726857e1717d86001f29be06a25ee6f8 \
    --hash=sha256:1108da631e602e5b3c38d6d04fe5bb3bfa54349e6918e3ca6cf570b2e2b2f9d4 \
    --hash=sha256:12bc98de041458b80c86c56b24df1d23832f3e166cbaff011f25d187f5c62c37 \
    --hash=sha256:13afdd885f3d71280cf286b13b310ee0f7ccfefd1dbbb661514a474b726e2f25 \
    --hash=sha256:17eaface65d9fc5abb940003020309c1bf7a211f5f608d7870297c367e6f9022 \
    --hash=sha256:1da3786b8018e60349680720158cc19161cc3b4bdd815beb0a321cd5ce1ad5b1 \
    --hash=sha256:23cbdb3aaa74dfe0837975dbf69b469753bbde8eacace524519ffdb6b6e89eb7 \
    --hash=sha256:2798b6ba041b9d70acfb9071a2ea13c8456dd1e6a5555798e41ba7b0790e329c \
    --hash=sha256:27f9067c3bfadd04c55484b89c0d267981b2f3512850f6f66e1e74204a4e4ce3 \
    --hash=sha256:28b5f2ef03416facccb1c6ef744c69793175fd27e44ef15669201601cf423acb \
    --hash=sha256:28e8cf2f52d72ced402a137145923a762cbb5081e48b34312f7a0c8f55928ec3 \
    --hash=sha256:28ed528c45446062ee66edb1d33df5d88828ae167de76e773a3c7f64bd14e976 \
    --hash=sha256:2b8e4f2bbdf71415c544b4b1138b8060db7b6611bc927e8064c769f64bed651c \
    --hash=sha256:2f40e4246676beb31c5ce77c38a55ca4e465c6b38d11ea1bd935420568e0b1ab \
    --hash=sha256:3481bd1341dc85779ee506bc8e1196a277ace359d89d28588a9468c3ecbe63fa \
    --hash=sha256:3612edf65c8ea67ac13616c4d23af12faef1ae435a8a93e5934c2a0cbbdd1fd6 \
    --hash=sha256:367508faa4973b992b271ba1494acaab36eb7e8739d1e47be5035fb1ea225396 \
    --hash=sha256:3861f1731b90c50a3266316b9044f5c9b405eecb8e299b0a7120596334e4fe9c \
    --hash=sha256:3d08782c4045f90724b44c95d35ebec0d67edb8a957a2ac81d5a8e4b8a200495 \
    --hash=sha256:41c178f65b8c29807239d47e6050262eb6bf84eb695e41101e62e38df4a5bc2c \
    --hash=sha256:4335e87c7afa436a0dfa899e138d57a72f8aad542e2cf19c36fb428461caabd0 \
    --hash=sha256:4b068543bdb707f5d935dab765d99227aa2545ef2820935f2e5dd801795c7dbd \
    --hash=sha256:4de88889d7e88d50d40ee5b39d5dac0bcaef9ba91f7e536ac064e6b2834ecccf \
    --hash=sha256:4e9d76736da5f362fabfeea6a69b13b7f2be405c6d6966f06b2f6bfff7e64531 \
    --hash=sha256:57697d7c056aca4bbb680200f96563e841a6386ac1129370a0102592f4dddff5 \
    --hash=sha256:57a973eae4665352a47cf1a99b4ee864620f2fe663a217d7a8da68a1f3a5bfda \
    --hash=sha256:5ad3c826fe523e4becf4fe39baa44286cff85ef137c729a2c5e269afbfd0905d \
    --hash=sha256:5c024e08c0ba23e6fd68c771a521e9d6a792f2ebb0fa734296b36394dc30390e \
    --hash=sha256:5dcbbcf4d22210ced8f837c96db941bdb078f419543472aca5d9a0bb7cddc7df \
    --hash=sha256:5dfd51cf457482f04ec49491811a2b8fd5b843b64b11eecd2d7a1ee596ea78a6 \
    --hash=sha256:60e5f66e12c4f5212d08522963380eaaeac5ebd795826cfd19b2dfb0c7a52b9c \
    --hash=sha256:610eda2e3838f401105e6326ca304f5da1e15393ae25dacae5c5c63f2c275b13 \
    --hash=sha256:6529d1d128321a58d30afcc97b49e98836542f68dd41b33c2e972bb9e5290536 \
    --hash=sha256:6645ce7eec4928e29a1e3b3d5c946621d105d3e79f0c9cddf07c2a9770949287 \
    --hash=sha256:68cc7866ed863db34351294187f9b729964c371ba33e31c26f478471c52e1ed0 \
    --hash=sha256:68ef2f623dda6d5a9067ac014e406c020c780b2a358930a7e5c1b73702900720 \
    --hash=sha256:69a868ef3ff206343579021c40faf3b1edc64b1cc508ff243a28b0a514ccb050 \
    --hash=sha256:6dff8cc884679df229ebc6d8eb2321ea6f8e091bc7d4886d4dc2e0e71452843c \
    --hash=sha256:6e42d83d1c6b87fa56b521479cff237e626a292f3b31b6345c15a99121b454c1 \
    --hash=sha256:706d9d0ce9cf4593d07270d8e9f53b161f90c57d315aeec4fb4fd7a8b10240d8 \
    --hash=sha256:75a519dab6d63c514f3a81053e5266c549679e4aa88f6ec57f2b7b854aceb1b0 \
    --hash=sha256:77706aeb41df6a76568434701e0917da10692da28cb69d5fb6919ce5fdb07374 \
    --hash=sha256:79f561438481f28681584b89e2effb22855e2179880314bcddbf5968e935e807 \
    --hash=sha256:830d1247d77ad23852314f069e9d7ddafeec5f684baf9d7e7065ed46a049c4e6 \
    --hash=sha256:831eb19aa789a97356979e94c981e5667759301fb708d1c0d5adf1bc0098b873 \
    --hash=sha256:83d002b97072a53ea150d63e0a3adfae5670cef5aa8a6e490240e482d3b22e57 \
    --hash=sha256:85348b8f89d2c3508b65b16c3c33a4da22b8215138d8b996912bb1532868885f \
    --hash=sha256:8690eba565c6d68ffd3a8655525cbdd5246510b44a637ee2c6c03a7ebfe64d3c \
    --hash=sha256:87082cd65669a33adeba5470769e9704c7cf026cc30afb9cc77fd865578ebaad \
    --hash=sha256:8940562319bc621da30714617e6a7eaa6b98c84e8c685bcdc02d7ed5e7c7c44e \
    --hash=sha256:91249bcb7c165c2fb2a2f852dbc5c91636e2e218e75d96dfdd517e4078e173dd \
    --hash=sha256:93fd339f23408a07e98950a89644f92c54d8729719a40b30c0a30bb9ebc55d23 \
    --hash=sha256:9715525891ed524a0a1eb6d053c74d4d4ad5017677fb00af0b7c2644a31bae46 \
    --hash=sha256:975c267cff4f7e7272eacbe50f6cc03ca9a3da4c4fbd66fffd89c94c1e311aa1 \
    --hash=sha256:99421e7684a60f7f3550a1d159ade5fdff1954baedb6bdd407cba6a307c9f27d \
    --hash=sha256:9be3e221bdc6d69abf294dcf7aff6af19c31a5cdcc8f0aa3b14be29df4bd03b1 \
    --hash=sha256:9ce92e58abc722dac1bf835a6798a60b294e48eb0e625ec9fd994b932ac5feee \
    --hash=sha256:9d2e32edcc143bc01e95300671915d9ca052d4f745aa0a49c48d4803f8a85f2c \
    --hash=sha256:9d2f400712a99a013aff420ef1eb9be077f8189a36c1e3ef87660b4e1088a874 \
    --hash=sha256:9f247596366f4221af52beddd65af1218797771d6989bc891a0b86ccaa019168 \
    --hash=sha256:a03e6467f0f5ab796a486146d1b887b2dc5e5f9b3288898c1b1c3ad974e53e4a \
    --hash=sha256:a35cc284c8dd7edae8a31533713b4d2467dfe7c4f1b5587dd4031f28f90d1d13 \
    --hash=sha256:a3b11c812f61b3129c4905781a2601dfdfdea5fe1e6c1cfb696b55d14e9c054f \
    --hash=sha256:a642ac886ecf6402d9882d10c405dcf4b902abeb2972cd5fb4a48c83cd59279a \
    --hash=sha256:a6cd87cb1575b1ad05ba98894c5b5c96411ef678fa2f6ed2576607095b8d9789 \
    --hash=sha256:a712c7118e6c5ea96562f7b488435172abb94a3c53c22c9efc1412264a45cbbe \
    --hash=sha256:a7610b6a5242a6c736d8ad47fd5fff87fcfe8f833b281b1c409c3d6835d9227f \
    --hash=sha256:ab124d49d0459b2373ecf54118a45c28a1e6d4192a533fbc915e70f556feb8e5 \
    --hash=sha256:ac5ec7fb9b87f04ee839af2d53bcadea57ded7d229719f56c0ed895bff987943 \
    --hash=sha256:aed19d0c783886d5bd86d80ae5030006b45e28464218747dcf83dabfdd092c7b \
    --hash=sha256:af8653713055ea18a3abc1537fe2ebc42f5b0bbb768d1eb79fd74eb47c0ac089 \
    --hash=sha256:afa3aa644f74e290cdede48a7b0bee37d1c35e71b05105f6b340d484af536d9b \
    --hash=sha256:b00b76f7142fc60c762ce579bd29c8fa44aaa56592dd3c54fab3928d0d4ca6ff \
    --hash=sha256:b11b59b3eee90a80a36701ddb4576d9ae31f93f05cb9e277ceaa09e6bf074a67 \
    --hash=sha256:b12dd51f1187c2eb489af8e20f880362db98e954b54ab792fa5d92e8bcc6b803 \
    --hash=sha256:b40ddd51e7c44b28cfaef746c9d3c506d658885e0a46f9eeef2ee815cbf8e045 \
    --hash=sha256:b504bda01bafc69b6d3c7a0c7f039dcf60f47fab70e06fe23f57b5c75bdc82b8 \
    --hash=sha256:b5b9c6cf08a8a5e502698f5e153056d12c34b8fb30317e0c5fd06f45162a6346 \
    --hash=sha256:b675ab0a0d5b1c8fdb81195dc5bcefea3f3c240871cdd7ff9a2de8aa50772eb2 \
    --hash=sha256:b6cdf19bf84128d5e7c37e8a73a0c5c10d51103a650ac585d42dd6ae233f2b7f \
    --hash=sha256:bcf2a8b2982a6673693eae7348ef3d8cf3979c1d63b54fca7c397a635cc68687 \
    --hash=sha256:bd2aab0e2e9dc2daf36bd2686c982535d5e7b1d930a1344a7bb6e82baab42a76 \
    --hash=sha256:c3212fda0ee959c1dd04c60b601ec31097aaa893573a3a1abd0a47bcac2968c1 \
    --hash=sha256:cc0988cb29d21bf4a9d5cf2ef970b5c0e38d8d8e107a493278c05dc6c1dda69f \
    --hash=sha256:cc7e8c32db809aa0f6ea1d6869ebc8518a65d5150fdfad8bcae6a49ae32a22e2 \
    --hash=sha256:cca67d52a5c7a16aed2b3999e719c4bcf644074eac304a5d3d62dd70ae7d4b2c \
    --hash=sha256:ced3310e51aa425f7f77da8bbbb5212616655bedbe82c70944320bc1dbe5e018 \
    --hash=sha256:cf489cf8986c543939aeee17a09c04d6ffb43bfef8ca16fcbcc5cfdcbed24dba \
    --hash=sha256:d0793c90c1a3c74966e7975eaef3ed30ebdff3260a0f815a62a22adc17e4c01c \
    --hash=sha256:d0fe3dce1e836e418f912c1ad91c73357d03e556a4d286f441bf34fed2dbeecf \
    --hash=sha256:d11058e3201527d41bc6b545c79187c9e4bf85e15a236a6007f0e991518882b7 \
    --hash=sha256:d2d0aead851b66f5245ec0c4fb2612ef457f8bbafefdf65a2bf9d6bac6140f47 \
    --hash=sha256:d56bdb4af1767cc15b0386b3c581fdfe659bb9ee4a4f776e92c1cd9d074000d6 \
    --hash=sha256:dcda6583921c05a40533f982321532f2d8db29326c7b95c4026941fa5074bd79 \
    --hash=sha256:dd81f6907932ebac3abbe41378dac64b2380db1287e2aa64d8d88f78d170f51a \
    --hash=sha256:de3a5c376f8cd94da9a1b8fd3dd1c16c7a7b216ed31dc8ce9fd7a22bf13b836e \
    --hash=sha256:de885175515bcfa98ae618c1df7a072f13d179f81376c8007112af20567fd08a \
    --hash=sha256:e29908922ce9da1a30b4da490bd1d3d82c01dcfdf864d2a74aacee674d0bfa34 \
    --hash=sha256:e480080975c1ef7f780b8f99ed72337e7cc5efea2e518a20a692e8e7b278eb8b \
    --hash=sha256:e61ea8e9fff9606d09178f577ff8ccdd7206ff73d6552bcec18e1033c4254b85 \
    --hash=sha256:ec638c5d194ef8af27db69f16c954a09797c0dc25015ad6123eb2c73a4d271ca \
    --hash=sha256:ed42e6cc8e1b0e2b9b96e2276bad70ae625d10d6d524aed0c93de974ae029f9f \
    --hash=sha256:f00a0961b125f1a47af7bcc17f00782e12f4cd056f83416006b30111d941dfa3 \
    --hash=sha256:f13936129ce841f2a5ddf6f126fea3c43cd128807b5a59588c37cf10178c2e64 \
    --hash=sha256:f1771ce258afb3e4201e67d154edbbae712a76a6081079fe247c2f53c6322c22 \
    --hash=sha256:f1f8338dd7a7f31761f1f1a3c47503a9a3b34eea3c8b01fa6ee96408affb5e72 \
    --hash=sha256:f64b5537ac62b231572879cd08ec05600308636a5d63bcbdb15063a466977bec \
    --hash=sha256:f80a55484b8d843c8ada81ebf70a682f3f00a3d40e378c06cf17ecb44d280d7d \
    --hash=sha256:f91c0aff3e3ee0928edd1232c57f643a7a003e6edf1860bc3afcdc749cb513f3 \
    --hash=sha256:fa3eb7c2995aa443687a825bc30395c8521b7c6ec201966e55debfd1128bcceb \
    --hash=sha256:fb528e295ed31570ac3dcc9bfdd6e0150bc11ce6168ac87a8082055cf1a67395 \
    --hash=sha256:fc331a5314ffddd5385b9ee9d0d2fee0b13c27e0e02dad71b1ae5d6561f51eeb \
    --hash=sha256:fd35aa21299def8db7ef4fe5c4ff862941a9a158ca7b63d61e66fe67d30416b4 \
    --hash=sha256:ff5e7783bcc5476e1db448bf268f11cb257b1c276d3e89f00b5727be86dd0127 \
    --hash=sha256:ffe0883b56cfc05798bf994164d2b2ff03efe2d22022a2bb080f3b626176dd56
    # via
    #   -r /home/jm/hugo-mcp/requirements.txt
    #   pydantic
python-dotenv==1.0.0 \
    --hash=sha256:a8df96034aae6d2d50a4ebe8216326c61c3eb64836776504fcca410e5937a3ba \
    --hash=sha256:f5971a9226b701070a4bf2c38c89e5a3f0d64de8debda981d1db98583009122a
    # via -r /home/jm/hugo-mcp/requirements.txt
pyyaml==6.0.1 \
    --hash=sha256:04ac92ad1925b2cff1db0cfebffb6ffc43457495c9b3c39d3fcae417d7125dc5 \
    --hash=sha256:062582fca9fabdd2c8b54a3ef1c978d786e0f6b3a1510e0ac93ef59e0ddae2bc \
    --hash=sha256:0d3304d8c0adc42be59c5f8a4d9e3d7379e6955ad754aa9d6ab7a398b59dd1df \
    --hash=sha256:1635fd110e8d85d55237ab316b5b011de701ea0f29d07611174a1b42f1444741 \
    --hash=sha256:184c5108a2aca3c5b3d3bf9395d50893a7ab82a38004c8f61c258d4428e80206 \
    --hash=sha256:18aeb1bf9a78867dc38b259769503436b7c72f7a1f1f4c93ff9a17de54319b27 \
    --hash=sha256:1d4c7e777c441b20e32f52bd377e0c409713e8bb1386e1099c2415f26e479595 \
    --hash=sha256:1e2722cc9fbb45d9b87631ac70924c11d3a401b2d7f410cc0e3bbf249f2dca62 \
    --hash=sha256:1fe35611261b29bd1de0070f0b2f47cb6ff71fa6595c077e42bd0c419fa27b98 \
    --hash=sha256:28c119d996beec18c05208a8bd78cbe4007878c6dd15091efb73a30e90539696 \
    --hash=sha256:326c013efe8048858a6d312ddd31d56e468118ad4cdeda36c719bf5bb6192290 \
    --hash=sha256:40df9b996c2b73138957fe23a16a4f0ba614f4c0efce1e9406a184b6d07fa3a9 \
    --hash=sha256:42f8152b8dbc4fe7d96729ec2b99c7097d656dc1213a3229ca5383f973a5ed6d \
    --hash=sha256:49a183be227561de579b4a36efbb21b3eab9651dd81b1858589f796549873dd6 \
    --hash=sha256:4fb147e7a67ef577a588a0e2c17b6db51dda102c71de36f8549b6816a96e1867 \
    --hash=sha256:50550eb667afee136e9a77d6dc71ae76a44df8b3e51e41b77f6de2932bfe0f47 \
    --hash=sha256:510c9deebc5c0225e8c96813043e62b680ba2f9c50a08d3724c7f28a747d1486 \
    --hash=sha256:5773183b6446b2c99bb77e77595dd486303b4faab2b086e7b17bc6bef28865f6 \
    --hash=sha256:596106435fa6ad000c2991a98fa58eeb8656ef2325d7e158344fb33864ed87e3 \
    --hash=sha256:6965a7bc3cf88e5a1c3bd2e0b5c22f8d677dc88a455344035f03399034eb3007 \
    --hash=sha256:69b023b2b4daa7548bcfbd4aa3da05b3a74b772db9e23b982788168117739938 \
    --hash=sha256:6c22bec3fbe2524cde73d7ada88f6566758a8f7227bfbf93a408a9d86bcc12a0 \
    --hash=sha256:704219a11b772aea0d8ecd7058d0082713c3562b4e271b849ad7dc4a5c90c13c \
    --hash=sha256:7e07cbde391ba96ab58e532ff4803f79c4129397514e1413a7dc761ccd755735 \
    --hash=sha256:81e0b275a9ecc9c0c0c07b4b90ba548307583c125f54d5b6946cfee6360c733d \
    --hash=sha256:855fb52b0dc35af121542a76b9a84f8d1cd886ea97c84703eaa6d88e37a2ad28 \
    --hash=sha256:8d4e9c88387b0f5c7d5f281e55304de64cf7f9c0021a3525bd3b1c542da3b0e4 \
    --hash=sha256:9046c58c4395dff28dd494285c82ba00b546adfc7ef001486fbf0324bc174fba \
    --hash=sha256:9eb6caa9a297fc2c2fb8862bc5370d0303ddba53ba97e71f08023b6cd73d16a8 \
    --hash=sha256:a08c6f0fe150303c1c6b71ebcd7213c2858041a7e01975da3a99aed1e7a378ef \
    --hash=sha256:a0cd17c15d3bb3fa06978b4e8958dcdc6e0174ccea823003a106c7d4d7899ac5 \
    --hash=sha256:afd7e57eddb1a54f0f1a974bc4391af8bcce0b444685d936840f125cf046d5bd \
    --hash=sha256:b1275ad35a5d18c62a7220633c913e1b42d44b46ee12554e5fd39c70a243d6a3 \
    --hash=sha256:b786eecbdf8499b9ca1d697215862083bd6d2a99965554781d0d8d1ad31e13a0 \
    --hash=sha256:ba336e390cd8e4d1739f42dfe9bb83a3cc2e80f567d8805e11b46f4a943f5515 \
    --hash=sha256:baa90d3f661d43131ca170712d903e6295d1f7a0f595074f151c0aed377c9b9c \
    --hash=sha256:bc1bf2925a1ecd43da378f4db9e4f799775d6367bdb94671027b73b393a7c42c \
    --hash=sha256:bd4af7373a854424dabd882decdc5579653d7868b8fb26dc7d0e99f823aa5924 \
    --hash=sha256:bf07ee2fef7014951eeb99f56f39c9bb4af143d8aa3c21b1677805985307da34 \
    --hash=sha256:bfdf460b1736c775f2ba9f6a92bca30bc2095067b8a9d77876d1fad6cc3b4a43 \
    --hash=sha256:c8098ddcc2a85b61647b2590f825f3db38891662cfc2fc776415143f599bb859 \
    --hash=sha256:d2b04aac4d386b172d5b9692e2d2da8de7bfb6c387fa4f801fbf6fb2e6ba4673 \
    --hash=sha256:d483d2cdf104e7c9fa60c544d92981f12ad66a457afae824d146093b8c294c54 \
    --hash=sha256:d858aa552c999bc8a8d57426ed01e40bef403cd8ccdd0fc5f6f04a00414cac2a \
    --hash=sha256:e7d73685e87afe9f3b36c799222440d6cf362062f78be1013661b00c5c6f678b \
    --hash=sha256:f003ed9ad21d6a4713f0a9b5a7a0a79e08dd0f221aff4525a2be4c346ee60aab \
    --hash=sha256:f22ac1c3cac4dbc50079e965eba2c1058622631e526bd9afd45fedd49ba781fa \
    --hash=sha256:faca3bdcf85b2fc05d06ff3fbc1f83e1391b3e724afa3feba7d13eeab355484c \
    --hash=sha256:fca0e3a251908a499833aa292323f32437106001d436eca0e6e7833256674585 \
    --hash=sha256:fd1592b3fdf65fff2ad0004b5e363300ef59ced41c2e6b3a99d4089fa8c5435d \
    --hash=sha256:fd66fc5d0da6d9815ba2cebeb4205f95818ff4b79c3ebe268e75d961704af52f
    # via -r /home/jm/hugo-mcp/requirements.txt
slowapi==0.1.9 \
    --hash=sha256:639192d0f1ca01b1c6d95bf6c71d794c3a9ee189855337b4821f7f457dddad77 \
    --hash=sha256:cfad116cfb84ad9d763ee155c1e5c5cbf00b0d47399a769b227865f5df576e36
    # via -r /home/jm/hugo-mcp/requirements.txt
sniffio==1.3.1 \
    --hash=sha256:2f6da418d1f1e0fddd844478f41680e794e6051915791a034ff65e5f100525a2 \
    --hash=sha256:f4324edc670a0f49750a81b895f35c3adb843cca46f0530f79fc1babb23789dc
    # via
    #   -r /home/jm/hugo-mcp/requirements.txt
    #   httpx
starlette==1.0.0 \
    --hash=sha256:6a4beaf1f81bb472fd19ea9b918b50dc3a77a6f2e190a12954b25e6ed5eea149 \
    --hash=sha256:d3ec55e0bb321692d275455ddfd3df75fff145d009685eb40dc91fc66b03d38b
    # via fastapi
structlog==25.5.0 \
    --hash=sha256:098522a3bebed9153d4570c6d0288abf80a031dfdb2048d59a49e9dc2190fc98 \
    --hash=sha256:a8453e9b9e636ec59bd9e79bbd4a72f025981b3ba0f5837aebf48f02f37a7f9f
    # via -r /home/jm/hugo-mcp/requirements.txt
typing-extensions==4.15.0 \
    --hash=sha256:0cea48d173cc12fa28ecabc3b837ea3cf6f38c6d1136f85cbaaf598984861466 \
    --hash=sha256:f0fa19c6845758ab08074a0cfa8b7aecb71c999ca73d62883bc25cc018c4e548
    # via
    #   -r /home/jm/hugo-mcp/requirements.txt
    #   anyio
    #   fastapi
    #   limits
    #   pydantic
    #   pydantic-core
    #   starlette
    #   typing-inspection
typing-inspection==0.4.2 \
    --hash=sha256:4ed1cacbdc298c220f1bd249ed5287caa16f34d44ef4e9c3d0cbad5b521545e7 \
    --hash=sha256:ba561c48a67c5958007083d386c3295464928b01faa735ab8547c5692e87f464
    # via
    #   -r /home/jm/hugo-mcp/requirements.txt
    #   fastapi
    #   pydantic
uvicorn==0.30.0 \
    --hash=sha256:78fa0b5f56abb8562024a59041caeb555c86e48d0efdd23c3fe7de7a4075bdab \
    --hash=sha256:f678dec4fa3a39706bbf49b9ec5fc40049d42418716cea52b53f07828a60aa37
    # via -r /home/jm/hugo-mcp/requirements.txt
wrapt==2.1.2 \
    --hash=sha256:08ffa54146a7559f5b8df4b289b46d963a8e74ed16ba3687f99896101a3990c5 \
    --hash=sha256:0fc04bc8664a8bc4c8e00b37b5355cffca2535209fba1abb09ae2b7c76ddf82b \
    --hash=sha256:1370e516598854e5b4366e09ce81e08bfe94d42b0fd569b88ec46cc56d9164a9 \
    --hash=sha256:162e4e2ba7542da9027821cb6e7c5e068d64f9a10b5f15512ea28e954893a267 \
    --hash=sha256:16997dfb9d67addc2e3f41b62a104341e80cac52f91110dece393923c0ebd5ca \
    --hash=sha256:1c51c738d7d9faa0b3601708e7e2eda9bf779e1b601dce6c77411f2a1b324a63 \
    --hash=sha256:1c6cc827c00dc839350155f316f1f8b4b0c370f52b6a19e782e2bda89600c7dc \
    --hash=sha256:2b8b28e97a44d21836259739ae76284e180b18abbb4dcfdff07a415cf1016c3e \
    --hash=sha256:2d3ff4f0024dd224290c0eabf0240f1bfc1f26363431505fb1b0283d3b08f11d \
    --hash=sha256:305d8a1755116bfdad5dda9e771dcb2138990a1d66e9edd81658816edf51aed1 \
    --hash=sha256:3144b027ff30cbd2fca07c0a87e67011adb717eb5f5bd8496325c17e454257a3 \
    --hash=sha256:3278c471f4468ad544a691b31bb856374fbdefb7fee1a152153e64019379f015 \
    --hash=sha256:3756219045f73fb28c5d7662778e4156fbd06cf823c4d2d4b19f97305e52819c \
    --hash=sha256:3769a77df8e756d65fbc050333f423c01ae012b4f6731aaf70cf2bef61b34596 \
    --hash=sha256:3969c56e4563c375861c8df14fa55146e81ac11c8db49ea6fb7f2ba58bc1ff9a \
    --hash=sha256:3996a67eecc2c68fd47b4e3c564405a5777367adfd9b8abb58387b63ee83b21e \
    --hash=sha256:3b8d15e52e195813efe5db8cec156eebe339aaf84222f4f4f051a6c01f237ed7 \
    --hash=sha256:3beb22f674550d5634642c645aba4c72a2c66fb185ae1aebe1e955fae5a13baf \
    --hash=sha256:3d7b6fd105f8b24e5bd23ccf41cb1d1099796524bcc6f7fbb8fe576c44befbc9 \
    --hash=sha256:4006c351de6d5007aa33a551f600404ba44228a89e833d2fadc5caa5de8edfbf \
    --hash=sha256:45914e8efbe4b9d5102fcf0e8e2e3258b83a5d5fba9f8f7b6d15681e9d29ffe0 \
    --hash=sha256:467e7c76315390331c67073073d00662015bb730c566820c9ca9b54e4d67fd04 \
    --hash=sha256:478282ebd3795a089154fb16d3db360e103aa13d3b2ad30f8f6aac0d2207de0e \
    --hash=sha256:4b7a86d99a14f76facb269dc148590c01aaf47584071809a70da30555228158c \
    --hash=sha256:4bdf26e03e6d0da3f0e9422fd36bcebf7bc0eeb55fdf9c727a09abc6b9fe472e \
    --hash=sha256:5681123e60aed0e64c7d44f72bbf8b4ce45f79d81467e2c4c728629f5baf06eb \
    --hash=sha256:577dff354e7acd9d411eaf4bfe76b724c89c89c8fc9b7e127ee28c5f7bcb25b6 \
    --hash=sha256:57d7c0c980abdc5f1d98b11a2aa3bb159790add80258c717fa49a99921456d90 \
    --hash=sha256:5a0a0a3a882393095573344075189eb2d566e0fd205a2b6414e9997b1b800a8b \
    --hash=sha256:5c35b5d82b16a3bc6e0a04349b606a0582bc29f573786aebe98e0c159bc48db6 \
    --hash=sha256:5e0fa9cc32300daf9eb09a1f5bdc6deb9a79defd70d5356ba453bcd50aef3742 \
    --hash=sha256:62503ffbc2d3a69891cf29beeaccdb4d5e0a126e2b6a851688d4777e01428dbb \
    --hash=sha256:6433ea84e1cfacf32021d2a4ee909554ade7fd392caa6f7c13f1f4bf7b8e8748 \
    --hash=sha256:64a07a71d2730ba56f11d1a4b91f7817dc79bc134c11516b75d1921a7c6fcda1 \
    --hash=sha256:6de1a3851c27e0bd6a04ca993ea6f80fc53e6c742ee1601f486c08e9f9b900a9 \
    --hash=sha256:6f2c5390460de57fa9582bc8a1b7a6c86e1a41dfad74c5225fc07044c15cc8d1 \
    --hash=sha256:6f8dbdd3719e534860d6a78526aafc220e0241f981367018c2875178cf83a413 \
    --hash=sha256:6f97edc9842cf215312b75fe737ee7c8adda75a89979f8e11558dfff6343cc4b \
    --hash=sha256:710f6e5dfaf6a5d5c397d2d6758a78fecd9649deb21f1b645f5b57a328d63050 \
    --hash=sha256:72aaa9d0d8e4ed0e2e98019cea47a21f823c9dd4b43c7b77bba6679ffcca6a00 \
    --hash=sha256:76405518ca4e1b76fbb1b9f686cff93aebae03920cc55ceeec48ff9f719c5f67 \
    --hash=sha256:767c0dbbe76cae2a60dd2b235ac0c87c9cccf4898aef8062e57bead46b5f6894 \
    --hash=sha256:776867878e83130c7a04237010463372e877c1c994d449ca6aaafeab6aab2586 \
    --hash=sha256:787fd6f4d67befa6fe2abdffcbd3de2d82dfc6fb8a6d850407c53332709d030b \
    --hash=sha256:79847b83eb38e70d93dc392c7c5b587efe65b3e7afcc167aa8abd5d60e8761c8 \
    --hash=sha256:7dfa9f2cf65d027b951d05c662cc99ee3bd01f6e4691ed39848a7a5fffc902b2 \
    --hash=sha256:84ce8f1c2104d2f6daa912b1b5b039f331febfeee74f8042ad4e04992bd95c8f \
    --hash=sha256:866abdbf4612e0b34764922ef8b1c5668867610a718d3053d59e24a5e5fcfc15 \
    --hash=sha256:96159a0ee2b0277d44201c3b5be479a9979cf154e8c82fa5df49586a8e7679bb \
    --hash=sha256:970d57ed83fa040d8b20c52fe74a6ae7e3775ae8cff5efd6a81e06b19078484c \
    --hash=sha256:98ba61833a77b747901e9012072f038795de7fc77849f1faa965464f3f87ff2d \
    --hash=sha256:9c691a6bc752c0cc4711cc0c00896fcd0f116abc253609ef64ef930032821842 \
    --hash=sha256:a5d516e22aedb7c9c1d47cba1c63160b1a6f61ec2f3948d127cd38d5cfbb556f \
    --hash=sha256:a76d61a2e851996150ba0f80582dd92a870643fa481f3b3846f229de88caf044 \
    --hash=sha256:a819e39017f95bf7aede768f75915635aa8f671f2993c036991b8d3bfe8dbb6f \
    --hash=sha256:a8914c754d3134a3032601c6984db1c576e6abaf3fc68094bb8ab1379d75ff92 \
    --hash=sha256:a9372fc3639a878c8e7d87e1556fa209091b0a66e912c611e3f833e2c4202be2 \
    --hash=sha256:a93cd767e37faeddbe07d8fc4212d5cba660af59bdb0f6372c93faaa13e6e679 \
    --hash=sha256:a9b9d50c9af998875a1482a038eb05755dfd6fe303a313f6a940bb53a83c3f18 \
    --hash=sha256:a9dd9813825f7ecb018c17fd147a01845eb330254dff86d3b5816f20f4d6aaf8 \
    --hash=sha256:b89f095fe98bc12107f82a9f7d570dc83a0870291aeb6b1d7a7d35575f55d98a \
    --hash=sha256:b8aefb4dbb18d904b96827435a763fa42fc1f08ea096a391710407a60983ced8 \
    --hash=sha256:b8fd6fa2b2c4e7621808f8c62e8317f4aae56e59721ad933bac5239d913cf0e8 \
    --hash=sha256:bbac24d879aa22998e87f6b3f481a5216311e7d53c7db87f189a7a0266dafffb \
    --hash=sha256:c0be8b5a74c5824e9359b53e7e58bef71a729bacc82e16587db1c4ebc91f7c5a \
    --hash=sha256:c20b757c268d30d6215916a5fa8461048d023865d888e437fab451139cad6c8e \
    --hash=sha256:c7e6cd120ef837d5b6f860a6ea3745f8763805c418bb2f12eeb1fa6e25f22d22 \
    --hash=sha256:c87cf3f0c85e27b3ac7d9ad95da166bf8739ca215a8b171e8404a2d739897a45 \
    --hash=sha256:c8e46ae8e4032792eb2f677dbd0d557170a8e5524d22acc55199f43efedd39bf \
    --hash=sha256:cef91c95a50596fcdc31397eb6955476f82ae8a3f5a8eabdc13611b60ee380ba \
    --hash=sha256:d1c5fea4f9fe3762e2b905fdd67df51e4be7a73b7674957af2d2ade71a5c075d \
    --hash=sha256:d307aa6888d5efab2c1cde09843d48c843990be13069003184b67d426d145394 \
    --hash=sha256:d8f7740e1af13dff2684e4d56fe604a7e04d6c94e737a60568d8d4238b9a0c71 \
    --hash=sha256:da1f00a557c66225d53b095a97eace0fc5349e3bfda28fa34ffae238978ee575 \
    --hash=sha256:dad63212b168de8569b1c512f4eac4b57f2c6934b30df32d6ee9534a79f1493f \
    --hash=sha256:de9f1a2bbc5ac7f6012ec24525bdd444765a2ff64b5985ac6e0692144838542e \
    --hash=sha256:e3d3b35eedcf5f7d022291ecd7533321c4775f7b9cd0050a31a68499ba45757c \
    --hash=sha256:e5aeab8fe15c3dff75cfee94260dcd9cded012d4ff06add036c28fae7718593b \
    --hash=sha256:e6ed62c82ddf58d001096ae84ce7f833db97ae2263bff31c9b336ba8cfe3f508 \
    --hash=sha256:eba8155747eb2cae4a0b913d9ebd12a1db4d860fc4c829d7578c7b989bd3f2f0 \
    --hash=sha256:f01277d9a5fc1862f26f7626da9cf443bebc0abd2f303f41c5e995b15887dabd \
    --hash=sha256:f069e113743a21a3defac6677f000068ebb931639f789b5b226598e247a4c89e \
    --hash=sha256:f0d8fc30a43b5fe191cf2b1a0c82bab2571dadd38e7c0062ee87d6df858dd06e \
    --hash=sha256:f29c827a8d9936ac320746747a016c4bc66ef639f5cd0d32df24f5eacbf9c69f \
    --hash=sha256:f3b7d73012ea75aee5844de58c88f44cf62d0d62711e39da5a82824a7c4626a8 \
    --hash=sha256:f8bc1c264d8d1cf5b3560a87bbdd31131573eb25f9f9447bb6252b8d4c44a3a1 \
    --hash=sha256:f8fba1bae256186a83d1875b2b1f4e2d1242e8fac0f58ec0d7e41b26967b965c \
    --hash=sha256:fab036efe5464ec3291411fabb80a7a39e2dd80bae9bcbeeca5087fdfa891e19 \
    --hash=sha256:ff2aad9c4cda28a8f0653fc2d487596458c2a3f475e56ba02909e950a9efa6a9 \
    --hash=sha256:ff95d4264e55839be37bafe1536db2ab2de19da6b65f9244f01f332b5286cfbf
    # via deprecated
